
Microsoft Visual Studio Solution File, Format Version 12.00
# Visual Studio Version 16
VisualStudioVersion = 16.0.30621.155
MinimumVisualStudioVersion = 10.0.40219.1
Project("{FAE04EC0-301F-11D3-BF4B-00C04F79EFBC}") = "CameraPlusUIPlus", "CameraPlusUIPlus\CameraPlusUIPlus.csproj", "{107951D4-D660-42E9-8864-41CAB8F9FC3E}"
EndProject
Global
	GlobalSection(SolutionConfigurationPlatforms) = preSolution
		Debug|Any CPU = Debug|Any CPU
		Release|Any CPU = Release|Any CPU
	EndGlobalSection
	GlobalSection(ProjectConfigurationPlatforms) = postSolution
		{107951D4-D660-42E9-8864-41CAB8F9FC3E}.Debug|Any CPU.ActiveCfg = Debug|Any CPU
		{107951D4-D660-42E9-8864-41CAB8F9FC3E}.Debug|Any CPU.Build.0 = Debug|Any CPU
		{107951D4-D660-42E9-8864-41CAB8F9FC3E}.Release|Any CPU.ActiveCfg = Release|Any CPU
		{107951D4-D660-42E9-8864-41CAB8F9FC3E}.Release|Any CPU.Build.0 = Release|Any CPU
	EndGlobalSection
	GlobalSection(SolutionProperties) = preSolution
		HideSolutionNode = FALSE
	EndGlobalSection
	GlobalSection(ExtensibilityGlobals) = postSolution
		SolutionGuid = {4DA453B7-03A2-41CB-88C7-035652783E0B}
	EndGlobalSection
EndGlobal
